
Microsoft Visual Studio Solution File, Format Version 12.00
# Visual Studio Version 17
VisualStudioVersion = 17.10.35013.160
MinimumVisualStudioVersion = 10.0.40219.1
Project("{FAE04EC0-301F-11D3-BF4B-00C04F79EFBC}") = "Importador", "Importador\Importador.csproj", "{C7329383-8053-4F39-97B9-3FB0E1A22F6D}"
EndProject
Global
	GlobalSection(SolutionConfigurationPlatforms) = preSolution
		Debug|Any CPU = Debug|Any CPU
		Release|Any CPU = Release|Any CPU
	EndGlobalSection
	GlobalSection(ProjectConfigurationPlatforms) = postSolution
		{C7329383-8053-4F39-97B9-3FB0E1A22F6D}.Debug|Any CPU.ActiveCfg = Debug|Any CPU
		{C7329383-8053-4F39-97B9-3FB0E1A22F6D}.Debug|Any CPU.Build.0 = Debug|Any CPU
		{C7329383-8053-4F39-97B9-3FB0E1A22F6D}.Release|Any CPU.ActiveCfg = Release|Any CPU
		{C7329383-8053-4F39-97B9-3FB0E1A22F6D}.Release|Any CPU.Build.0 = Release|Any CPU
	EndGlobalSection
	GlobalSection(SolutionProperties) = preSolution
		HideSolutionNode = FALSE
	EndGlobalSection
	GlobalSection(ExtensibilityGlobals) = postSolution
		SolutionGuid = {F0C35B48-321F-41D6-8180-C1693AC45D38}
	EndGlobalSection
EndGlobal
